// !$*UTF8*$!
{
	archiveVersion = 1;
	classes = {
	};
	objectVersion = 50;
	objects = {

/* Begin PBXBuildFile section */
		7528AF7E25322B9D008C9BC0 /* Weather.swift in Sources */ = {isa = PBXBuildFile; fileRef = 7528AF7D25322B9D008C9BC0 /* Weather.swift */; };
		7528AF822532400F008C9BC0 /* WeatherViewModel.swift in Sources */ = {isa = PBXBuildFile; fileRef = 7528AF812532400F008C9BC0 /* WeatherViewModel.swift */; };
		7528AF8625324C40008C9BC0 /* APIClient.swift in Sources */ = {isa = PBXBuildFile; fileRef = 7528AF8525324C40008C9BC0 /* APIClient.swift */; };
		7528AF8B25327904008C9BC0 /* Date+Extension.swift in Sources */ = {isa = PBXBuildFile; fileRef = 7528AF8A25327904008C9BC0 /* Date+Extension.swift */; };
		7528AF8F2532BFCB008C9BC0 /* AllWeatherData.swift in Sources */ = {isa = PBXBuildFile; fileRef = 7528AF8E2532BFCB008C9BC0 /* AllWeatherData.swift */; };
		7528AF9D25340513008C9BC0 /* DailyWeatherView.swift in Sources */ = {isa = PBXBuildFile; fileRef = 7528AF9C25340513008C9BC0 /* DailyWeatherView.swift */; };
		7528AFA32534C1C7008C9BC0 /* MiscWeatherSectionView.swift in Sources */ = {isa = PBXBuildFile; fileRef = 7528AFA22534C1C7008C9BC0 /* MiscWeatherSectionView.swift */; };
		754814A324E062510036EC28 /* AppDelegate.swift in Sources */ = {isa = PBXBuildFile; fileRef = 754814A224E062510036EC28 /* AppDelegate.swift */; };
		754814A524E062510036EC28 /* SceneDelegate.swift in Sources */ = {isa = PBXBuildFile; fileRef = 754814A424E062510036EC28 /* SceneDelegate.swift */; };
		754814A724E062510036EC28 /* WeatherView.swift in Sources */ = {isa = PBXBuildFile; fileRef = 754814A624E062510036EC28 /* WeatherView.swift */; };
		754814A924E062520036EC28 /* Assets.xcassets in Resources */ = {isa = PBXBuildFile; fileRef = 754814A824E062520036EC28 /* Assets.xcassets */; };
		754814AC24E062520036EC28 /* Preview Assets.xcassets in Resources */ = {isa = PBXBuildFile; fileRef = 754814AB24E062520036EC28 /* Preview Assets.xcassets */; };
		754814AF24E062520036EC28 /* LaunchScreen.storyboard in Resources */ = {isa = PBXBuildFile; fileRef = 754814AD24E062520036EC28 /* LaunchScreen.storyboard */; };
		754814BB24E07EFD0036EC28 /* DarkHostingController.swift in Sources */ = {isa = PBXBuildFile; fileRef = 754814BA24E07EFD0036EC28 /* DarkHostingController.swift */; };
		754814BD24E087140036EC28 /* LocationView.swift in Sources */ = {isa = PBXBuildFile; fileRef = 754814BC24E087140036EC28 /* LocationView.swift */; };
		75959C70252E43F3008CBD9C /* HourlyWeatherView.swift in Sources */ = {isa = PBXBuildFile; fileRef = 75959C6F252E43F3008CBD9C /* HourlyWeatherView.swift */; };
		75959C74252E49AC008CBD9C /* Constants.swift in Sources */ = {isa = PBXBuildFile; fileRef = 75959C73252E49AC008CBD9C /* Constants.swift */; };
		75959C79252E5829008CBD9C /* WeatherService.swift in Sources */ = {isa = PBXBuildFile; fileRef = 75959C78252E5829008CBD9C /* WeatherService.swift */; };
		75A23D08253FDEC6000893BD /* screenshotDay2.png in Resources */ = {isa = PBXBuildFile; fileRef = 75A23D04253FDEC5000893BD /* screenshotDay2.png */; };
		75A23D09253FDEC6000893BD /* screenshotNight1.png in Resources */ = {isa = PBXBuildFile; fileRef = 75A23D05253FDEC5000893BD /* screenshotNight1.png */; };
		75A23D0A253FDEC6000893BD /* screenshotDay1.png in Resources */ = {isa = PBXBuildFile; fileRef = 75A23D06253FDEC5000893BD /* screenshotDay1.png */; };
		75A23D0B253FDEC6000893BD /* screenshotNight2.png in Resources */ = {isa = PBXBuildFile; fileRef = 75A23D07253FDEC6000893BD /* screenshotNight2.png */; };
		D7051C6DE7C3B1A3C682E28A /* Pods_Weather_SwiftUI.framework in Frameworks */ = {isa = PBXBuildFile; fileRef = BE56485E0C1CF41462E02C9E /* Pods_Weather_SwiftUI.framework */; };
/* End PBXBuildFile section */

/* Begin PBXFileReference section */
		7528AF7D25322B9D008C9BC0 /* Weather.swift */ = {isa = PBXFileReference; lastKnownFileType = sourcecode.swift; path = Weather.swift; sourceTree = "<group>"; };
		7528AF812532400F008C9BC0 /* WeatherViewModel.swift */ = {isa = PBXFileReference; lastKnownFileType = sourcecode.swift; path = WeatherViewModel.swift; sourceTree = "<group>"; };
		7528AF8525324C40008C9BC0 /* APIClient.swift */ = {isa = PBXFileReference; lastKnownFileType = sourcecode.swift; path = APIClient.swift; sourceTree = "<group>"; };
		7528AF8A25327904008C9BC0 /* Date+Extension.swift */ = {isa = PBXFileReference; lastKnownFileType = sourcecode.swift; path = "Date+Extension.swift"; sourceTree = "<group>"; };
		7528AF8E2532BFCB008C9BC0 /* AllWeatherData.swift */ = {isa = PBXFileReference; lastKnownFileType = sourcecode.swift; path = AllWeatherData.swift; sourceTree = "<group>"; };
		7528AF9C25340513008C9BC0 /* DailyWeatherView.swift */ = {isa = PBXFileReference; lastKnownFileType = sourcecode.swift; path = DailyWeatherView.swift; sourceTree = "<group>"; };
		7528AFA22534C1C7008C9BC0 /* MiscWeatherSectionView.swift */ = {isa = PBXFileReference; lastKnownFileType = sourcecode.swift; path = MiscWeatherSectionView.swift; sourceTree = "<group>"; };
		7548149F24E062510036EC28 /* Weather-SwiftUI.app */ = {isa = PBXFileReference; explicitFileType = wrapper.application; includeInIndex = 0; path = "Weather-SwiftUI.app"; sourceTree = BUILT_PRODUCTS_DIR; };
		754814A224E062510036EC28 /* AppDelegate.swift */ = {isa = PBXFileReference; lastKnownFileType = sourcecode.swift; path = AppDelegate.swift; sourceTree = "<group>"; };
		754814A424E062510036EC28 /* SceneDelegate.swift */ = {isa = PBXFileReference; lastKnownFileType = sourcecode.swift; path = SceneDelegate.swift; sourceTree = "<group>"; };
		754814A624E062510036EC28 /* WeatherView.swift */ = {isa = PBXFileReference; lastKnownFileType = sourcecode.swift; path = WeatherView.swift; sourceTree = "<group>"; };
		754814A824E062520036EC28 /* Assets.xcassets */ = {isa = PBXFileReference; lastKnownFileType = folder.assetcatalog; path = Assets.xcassets; sourceTree = "<group>"; };
		754814AB24E062520036EC28 /* Preview Assets.xcassets */ = {isa = PBXFileReference; lastKnownFileType = folder.assetcatalog; path = "Preview Assets.xcassets"; sourceTree = "<group>"; };
		754814AE24E062520036EC28 /* Base */ = {isa = PBXFileReference; lastKnownFileType = file.storyboard; name = Base; path = Base.lproj/LaunchScreen.storyboard; sourceTree = "<group>"; };
		754814B024E062520036EC28 /* Info.plist */ = {isa = PBXFileReference; lastKnownFileType = text.plist.xml; path = Info.plist; sourceTree = "<group>"; };
		754814BA24E07EFD0036EC28 /* DarkHostingController.swift */ = {isa = PBXFileReference; lastKnownFileType = sourcecode.swift; path = DarkHostingController.swift; sourceTree = "<group>"; };
		754814BC24E087140036EC28 /* LocationView.swift */ = {isa = PBXFileReference; lastKnownFileType = sourcecode.swift; path = LocationView.swift; sourceTree = "<group>"; };
		75959C6F252E43F3008CBD9C /* HourlyWeatherView.swift */ = {isa = PBXFileReference; lastKnownFileType = sourcecode.swift; path = HourlyWeatherView.swift; sourceTree = "<group>"; };
		75959C73252E49AC008CBD9C /* Constants.swift */ = {isa = PBXFileReference; lastKnownFileType = sourcecode.swift; path = Constants.swift; sourceTree = "<group>"; };
		75959C78252E5829008CBD9C /* WeatherService.swift */ = {isa = PBXFileReference; lastKnownFileType = sourcecode.swift; path = WeatherService.swift; sourceTree = "<group>"; };
		75A23D04253FDEC5000893BD /* screenshotDay2.png */ = {isa = PBXFileReference; lastKnownFileType = image.png; path = screenshotDay2.png; sourceTree = "<group>"; };
		75A23D05253FDEC5000893BD /* screenshotNight1.png */ = {isa = PBXFileReference; lastKnownFileType = image.png; path = screenshotNight1.png; sourceTree = "<group>"; };
		75A23D06253FDEC5000893BD /* screenshotDay1.png */ = {isa = PBXFileReference; lastKnownFileType = image.png; path = screenshotDay1.png; sourceTree = "<group>"; };
		75A23D07253FDEC6000893BD /* screenshotNight2.png */ = {isa = PBXFileReference; lastKnownFileType = image.png; path = screenshotNight2.png; sourceTree = "<group>"; };
		909866F0C2E48A617D19F60F /* Pods-Weather-SwiftUI.debug.xcconfig */ = {isa = PBXFileReference; includeInIndex = 1; lastKnownFileType = text.xcconfig; name = "Pods-Weather-SwiftUI.debug.xcconfig"; path = "Pods/Target Support Files/Pods-Weather-SwiftUI/Pods-Weather-SwiftUI.debug.xcconfig"; sourceTree = "<group>"; };
		918C216E0807A02FDDC2EC42 /* Pods-Weather-SwiftUI.release.xcconfig */ = {isa = PBXFileReference; includeInIndex = 1; lastKnownFileType = text.xcconfig; name = "Pods-Weather-SwiftUI.release.xcconfig"; path = "Pods/Target Support Files/Pods-Weather-SwiftUI/Pods-Weather-SwiftUI.release.xcconfig"; sourceTree = "<group>"; };
		BE56485E0C1CF41462E02C9E /* Pods_Weather_SwiftUI.framework */ = {isa = PBXFileReference; explicitFileType = wrapper.framework; includeInIndex = 0; path = Pods_Weather_SwiftUI.framework; sourceTree = BUILT_PRODUCTS_DIR; };
/* End PBXFileReference section */

/* Begin PBXFrameworksBuildPhase section */
		7548149C24E062510036EC28 /* Frameworks */ = {
			isa = PBXFrameworksBuildPhase;
			buildActionMask = 2147483647;
			files = (
				D7051C6DE7C3B1A3C682E28A /* Pods_Weather_SwiftUI.framework in Frameworks */,
			);
			runOnlyForDeploymentPostprocessing = 0;
		};
/* End PBXFrameworksBuildPhase section */

/* Begin PBXGroup section */
		6B227E74E3DE9687F32A366E /* Pods */ = {
			isa = PBXGroup;
			children = (
				909866F0C2E48A617D19F60F /* Pods-Weather-SwiftUI.debug.xcconfig */,
				918C216E0807A02FDDC2EC42 /* Pods-Weather-SwiftUI.release.xcconfig */,
			);
			name = Pods;
			sourceTree = "<group>";
		};
		7528AF8025323FF1008C9BC0 /* ViewModels */ = {
			isa = PBXGroup;
			children = (
				7528AF812532400F008C9BC0 /* WeatherViewModel.swift */,
			);
			path = ViewModels;
			sourceTree = "<group>";
		};
		7528AF89253278F1008C9BC0 /* Extensions */ = {
			isa = PBXGroup;
			children = (
				7528AF8A25327904008C9BC0 /* Date+Extension.swift */,
			);
			path = Extensions;
			sourceTree = "<group>";
		};
		7548149624E062510036EC28 = {
			isa = PBXGroup;
			children = (
				754814A124E062510036EC28 /* Weather-SwiftUI */,
				754814A024E062510036EC28 /* Products */,
				6B227E74E3DE9687F32A366E /* Pods */,
				EF8768FD4962B84ACE99A6ED /* Frameworks */,
			);
			sourceTree = "<group>";
		};
		754814A024E062510036EC28 /* Products */ = {
			isa = PBXGroup;
			children = (
				7548149F24E062510036EC28 /* Weather-SwiftUI.app */,
			);
			name = Products;
			sourceTree = "<group>";
		};
		754814A124E062510036EC28 /* Weather-SwiftUI */ = {
			isa = PBXGroup;
			children = (
				75959C6D252E07B2008CBD9C /* App */,
				754814B924E07C350036EC28 /* Views */,
				7528AF8025323FF1008C9BC0 /* ViewModels */,
				754814B824E07C270036EC28 /* Models */,
				75959C72252E4958008CBD9C /* Service */,
				7528AF89253278F1008C9BC0 /* Extensions */,
				75A23D03253FDE68000893BD /* Resources */,
				754814A824E062520036EC28 /* Assets.xcassets */,
				754814B024E062520036EC28 /* Info.plist */,
				754814AA24E062520036EC28 /* Preview Content */,
			);
			path = "Weather-SwiftUI";
			sourceTree = "<group>";
		};
		754814AA24E062520036EC28 /* Preview Content */ = {
			isa = PBXGroup;
			children = (
				754814AB24E062520036EC28 /* Preview Assets.xcassets */,
			);
			path = "Preview Content";
			sourceTree = "<group>";
		};
		754814B824E07C270036EC28 /* Models */ = {
			isa = PBXGroup;
			children = (
				7528AF8E2532BFCB008C9BC0 /* AllWeatherData.swift */,
				7528AF7D25322B9D008C9BC0 /* Weather.swift */,
			);
			path = Models;
			sourceTree = "<group>";
		};
		754814B924E07C350036EC28 /* Views */ = {
			isa = PBXGroup;
			children = (
				754814AD24E062520036EC28 /* LaunchScreen.storyboard */,
				754814BA24E07EFD0036EC28 /* DarkHostingController.swift */,
				754814A624E062510036EC28 /* WeatherView.swift */,
				754814BC24E087140036EC28 /* LocationView.swift */,
				75959C6F252E43F3008CBD9C /* HourlyWeatherView.swift */,
				7528AF9C25340513008C9BC0 /* DailyWeatherView.swift */,
				7528AFA22534C1C7008C9BC0 /* MiscWeatherSectionView.swift */,
			);
			path = Views;
			sourceTree = "<group>";
		};
		75959C6D252E07B2008CBD9C /* App */ = {
			isa = PBXGroup;
			children = (
				754814A224E062510036EC28 /* AppDelegate.swift */,
				754814A424E062510036EC28 /* SceneDelegate.swift */,
				75959C73252E49AC008CBD9C /* Constants.swift */,
			);
			path = App;
			sourceTree = "<group>";
		};
		75959C72252E4958008CBD9C /* Service */ = {
			isa = PBXGroup;
			children = (
				75959C78252E5829008CBD9C /* WeatherService.swift */,
				7528AF8525324C40008C9BC0 /* APIClient.swift */,
			);
			path = Service;
			sourceTree = "<group>";
		};
		75A23D03253FDE68000893BD /* Resources */ = {
			isa = PBXGroup;
			children = (
				75A23D0D253FDECA000893BD /* Screenshots */,
			);
			path = Resources;
			sourceTree = "<group>";
		};
		75A23D0D253FDECA000893BD /* Screenshots */ = {
			isa = PBXGroup;
			children = (
				75A23D06253FDEC5000893BD /* screenshotDay1.png */,
				75A23D04253FDEC5000893BD /* screenshotDay2.png */,
				75A23D05253FDEC5000893BD /* screenshotNight1.png */,
				75A23D07253FDEC6000893BD /* screenshotNight2.png */,
			);
			path = Screenshots;
			sourceTree = "<group>";
		};
		EF8768FD4962B84ACE99A6ED /* Frameworks */ = {
			isa = PBXGroup;
			children = (
				BE56485E0C1CF41462E02C9E /* Pods_Weather_SwiftUI.framework */,
			);
			name = Frameworks;
			sourceTree = "<group>";
		};
/* End PBXGroup section */

/* Begin PBXNativeTarget section */
		7548149E24E062510036EC28 /* Weather-SwiftUI */ = {
			isa = PBXNativeTarget;
			buildConfigurationList = 754814B324E062520036EC28 /* Build configuration list for PBXNativeTarget "Weather-SwiftUI" */;
			buildPhases = (
				4C9530C5C45F9C9609D01E82 /* [CP] Check Pods Manifest.lock */,
				7548149B24E062510036EC28 /* Sources */,
				7548149C24E062510036EC28 /* Frameworks */,
				7548149D24E062510036EC28 /* Resources */,
				E6827985680E551DD80A85EA /* [CP] Embed Pods Frameworks */,
			);
			buildRules = (
			);
			dependencies = (
			);
			name = "Weather-SwiftUI";
			productName = "Weather-SwiftUI";
			productReference = 7548149F24E062510036EC28 /* Weather-SwiftUI.app */;
			productType = "com.apple.product-type.application";
		};
/* End PBXNativeTarget section */

/* Begin PBXProject section */
		7548149724E062510036EC28 /* Project object */ = {
			isa = PBXProject;
			attributes = {
				LastSwiftUpdateCheck = 1160;
				LastUpgradeCheck = 1160;
				ORGANIZATIONNAME = "Paul Carroll";
				TargetAttributes = {
					7548149E24E062510036EC28 = {
						CreatedOnToolsVersion = 11.6;
					};
				};
			};
			buildConfigurationList = 7548149A24E062510036EC28 /* Build configuration list for PBXProject "Weather-SwiftUI" */;
			compatibilityVersion = "Xcode 9.3";
			developmentRegion = en;
			hasScannedForEncodings = 0;
			knownRegions = (
				en,
				Base,
			);
			mainGroup = 7548149624E062510036EC28;
			productRefGroup = 754814A024E062510036EC28 /* Products */;
			projectDirPath = "";
			projectRoot = "";
			targets = (
				7548149E24E062510036EC28 /* Weather-SwiftUI */,
			);
		};
/* End PBXProject section */

/* Begin PBXResourcesBuildPhase section */
		7548149D24E062510036EC28 /* Resources */ = {
			isa = PBXResourcesBuildPhase;
			buildActionMask = 2147483647;
			files = (
				754814AF24E062520036EC28 /* LaunchScreen.storyboard in Resources */,
				75A23D09253FDEC6000893BD /* screenshotNight1.png in Resources */,
				75A23D0B253FDEC6000893BD /* screenshotNight2.png in Resources */,
				75A23D0A253FDEC6000893BD /* screenshotDay1.png in Resources */,
				754814AC24E062520036EC28 /* Preview Assets.xcassets in Resources */,
				754814A924E062520036EC28 /* Assets.xcassets in Resources */,
				75A23D08253FDEC6000893BD /* screenshotDay2.png in Resources */,
			);
			runOnlyForDeploymentPostprocessing = 0;
		};
/* End PBXResourcesBuildPhase section */

/* Begin PBXShellScriptBuildPhase section */
		4C9530C5C45F9C9609D01E82 /* [CP] Check Pods Manifest.lock */ = {
			isa = PBXShellScriptBuildPhase;
			buildActionMask = 2147483647;
			files = (
			);
			inputPaths = (
				"${PODS_PODFILE_DIR_PATH}/Podfile.lock",
				"${PODS_ROOT}/Manifest.lock",
			);
			name = "[CP] Check Pods Manifest.lock";
			outputPaths = (
				"$(DERIVED_FILE_DIR)/Pods-Weather-SwiftUI-checkManifestLockResult.txt",
			);
			runOnlyForDeploymentPostprocessing = 0;
			shellPath = /bin/sh;
			shellScript = "diff \"${PODS_PODFILE_DIR_PATH}/Podfile.lock\" \"${PODS_ROOT}/Manifest.lock\" > /dev/null\nif [ $? != 0 ] ; then\n    # print error to STDERR\n    echo \"error: The sandbox is not in sync with the Podfile.lock. Run 'pod install' or update your CocoaPods installation.\" >&2\n    exit 1\nfi\n# This output is used by Xcode 'outputs' to avoid re-running this script phase.\necho \"SUCCESS\" > \"${SCRIPT_OUTPUT_FILE_0}\"\n";
			showEnvVarsInLog = 0;
		};
		E6827985680E551DD80A85EA /* [CP] Embed Pods Frameworks */ = {
			isa = PBXShellScriptBuildPhase;
			buildActionMask = 2147483647;
			files = (
			);
			inputPaths = (
				"${SRCROOT}/Pods/Target Support Files/Pods-Weather-SwiftUI/Pods-Weather-SwiftUI-frameworks.sh",
				"${BUILT_PRODUCTS_DIR}/Keys/Keys.framework",
			);
			name = "[CP] Embed Pods Frameworks";
			outputPaths = (
				"${TARGET_BUILD_DIR}/${FRAMEWORKS_FOLDER_PATH}/Keys.framework",
			);
			runOnlyForDeploymentPostprocessing = 0;
			shellPath = /bin/sh;
			shellScript = "\"${SRCROOT}/Pods/Target Support Files/Pods-Weather-SwiftUI/Pods-Weather-SwiftUI-frameworks.sh\"\n";
			showEnvVarsInLog = 0;
		};
/* End PBXShellScriptBuildPhase section */

/* Begin PBXSourcesBuildPhase section */
		7548149B24E062510036EC28 /* Sources */ = {
			isa = PBXSourcesBuildPhase;
			buildActionMask = 2147483647;
			files = (
				754814A324E062510036EC28 /* AppDelegate.swift in Sources */,
				7528AF9D25340513008C9BC0 /* DailyWeatherView.swift in Sources */,
				7528AFA32534C1C7008C9BC0 /* MiscWeatherSectionView.swift in Sources */,
				75959C79252E5829008CBD9C /* WeatherService.swift in Sources */,
				7528AF8F2532BFCB008C9BC0 /* AllWeatherData.swift in Sources */,
				754814BD24E087140036EC28 /* LocationView.swift in Sources */,
				754814BB24E07EFD0036EC28 /* DarkHostingController.swift in Sources */,
				7528AF7E25322B9D008C9BC0 /* Weather.swift in Sources */,
				7528AF8625324C40008C9BC0 /* APIClient.swift in Sources */,
				7528AF822532400F008C9BC0 /* WeatherViewModel.swift in Sources */,
				7528AF8B25327904008C9BC0 /* Date+Extension.swift in Sources */,
				754814A524E062510036EC28 /* SceneDelegate.swift in Sources */,
				754814A724E062510036EC28 /* WeatherView.swift in Sources */,
				75959C70252E43F3008CBD9C /* HourlyWeatherView.swift in Sources */,
				75959C74252E49AC008CBD9C /* Constants.swift in Sources */,
			);
			runOnlyForDeploymentPostprocessing = 0;
		};
/* End PBXSourcesBuildPhase section */

/* Begin PBXVariantGroup section */
		754814AD24E062520036EC28 /* LaunchScreen.storyboard */ = {
			isa = PBXVariantGroup;
			children = (
				754814AE24E062520036EC28 /* Base */,
			);
			name = LaunchScreen.storyboard;
			sourceTree = "<group>";
		};
/* End PBXVariantGroup section */

/* Begin XCBuildConfiguration section */
		754814B124E062520036EC28 /* Debug */ = {
			isa = XCBuildConfiguration;
			buildSettings = {
				ALWAYS_SEARCH_USER_PATHS = NO;
				CLANG_ANALYZER_NONNULL = YES;
				CLANG_ANALYZER_NUMBER_OBJECT_CONVERSION = YES_AGGRESSIVE;
				CLANG_CXX_LANGUAGE_STANDARD = "gnu++14";
				CLANG_CXX_LIBRARY = "libc++";
				CLANG_ENABLE_MODULES = YES;
				CLANG_ENABLE_OBJC_ARC = YES;
				CLANG_ENABLE_OBJC_WEAK = YES;
				CLANG_WARN_BLOCK_CAPTURE_AUTORELEASING = YES;
				CLANG_WARN_BOOL_CONVERSION = YES;
				CLANG_WARN_COMMA = YES;
				CLANG_WARN_CONSTANT_CONVERSION = YES;
				CLANG_WARN_DEPRECATED_OBJC_IMPLEMENTATIONS = YES;
				CLANG_WARN_DIRECT_OBJC_ISA_USAGE = YES_ERROR;
				CLANG_WARN_DOCUMENTATION_COMMENTS = YES;
				CLANG_WARN_EMPTY_BODY = YES;
				CLANG_WARN_ENUM_CONVERSION = YES;
				CLANG_WARN_INFINITE_RECURSION = YES;
				CLANG_WARN_INT_CONVERSION = YES;
				CLANG_WARN_NON_LITERAL_NULL_CONVERSION = YES;
				CLANG_WARN_OBJC_IMPLICIT_RETAIN_SELF = YES;
				CLANG_WARN_OBJC_LITERAL_CONVERSION = YES;
				CLANG_WARN_OBJC_ROOT_CLASS = YES_ERROR;
				CLANG_WARN_RANGE_LOOP_ANALYSIS = YES;
				CLANG_WARN_STRICT_PROTOTYPES = YES;
				CLANG_WARN_SUSPICIOUS_MOVE = YES;
				CLANG_WARN_UNGUARDED_AVAILABILITY = YES_AGGRESSIVE;
				CLANG_WARN_UNREACHABLE_CODE = YES;
				CLANG_WARN__DUPLICATE_METHOD_MATCH = YES;
				COPY_PHASE_STRIP = NO;
				DEBUG_INFORMATION_FORMAT = dwarf;
				ENABLE_STRICT_OBJC_MSGSEND = YES;
				ENABLE_TESTABILITY = YES;
				GCC_C_LANGUAGE_STANDARD = gnu11;
				GCC_DYNAMIC_NO_PIC = NO;
				GCC_NO_COMMON_BLOCKS = YES;
				GCC_OPTIMIZATION_LEVEL = 0;
				GCC_PREPROCESSOR_DEFINITIONS = (
					"DEBUG=1",
					"$(inherited)",
				);
				GCC_WARN_64_TO_32_BIT_CONVERSION = YES;
				GCC_WARN_ABOUT_RETURN_TYPE = YES_ERROR;
				GCC_WARN_UNDECLARED_SELECTOR = YES;
				GCC_WARN_UNINITIALIZED_AUTOS = YES_AGGRESSIVE;
				GCC_WARN_UNUSED_FUNCTION = YES;
				GCC_WARN_UNUSED_VARIABLE = YES;
				IPHONEOS_DEPLOYMENT_TARGET = 13.6;
				MTL_ENABLE_DEBUG_INFO = INCLUDE_SOURCE;
				MTL_FAST_MATH = YES;
				ONLY_ACTIVE_ARCH = YES;
				SDKROOT = iphoneos;
				SWIFT_ACTIVE_COMPILATION_CONDITIONS = DEBUG;
				SWIFT_OPTIMIZATION_LEVEL = "-Onone";
			};
			name = Debug;
		};
		754814B224E062520036EC28 /* Release */ = {
			isa = XCBuildConfiguration;
			buildSettings = {
				ALWAYS_SEARCH_USER_PATHS = NO;
				CLANG_ANALYZER_NONNULL = YES;
				CLANG_ANALYZER_NUMBER_OBJECT_CONVERSION = YES_AGGRESSIVE;
				CLANG_CXX_LANGUAGE_STANDARD = "gnu++14";
				CLANG_CXX_LIBRARY = "libc++";
				CLANG_ENABLE_MODULES = YES;
				CLANG_ENABLE_OBJC_ARC = YES;
				CLANG_ENABLE_OBJC_WEAK = YES;
				CLANG_WARN_BLOCK_CAPTURE_AUTORELEASING = YES;
				CLANG_WARN_BOOL_CONVERSION = YES;
				CLANG_WARN_COMMA = YES;
				CLANG_WARN_CONSTANT_CONVERSION = YES;
				CLANG_WARN_DEPRECATED_OBJC_IMPLEMENTATIONS = YES;
				CLANG_WARN_DIRECT_OBJC_ISA_USAGE = YES_ERROR;
				CLANG_WARN_DOCUMENTATION_COMMENTS = YES;
				CLANG_WARN_EMPTY_BODY = YES;
				CLANG_WARN_ENUM_CONVERSION = YES;
				CLANG_WARN_INFINITE_RECURSION = YES;
				CLANG_WARN_INT_CONVERSION = YES;
				CLANG_WARN_NON_LITERAL_NULL_CONVERSION = YES;
				CLANG_WARN_OBJC_IMPLICIT_RETAIN_SELF = YES;
				CLANG_WARN_OBJC_LITERAL_CONVERSION = YES;
				CLANG_WARN_OBJC_ROOT_CLASS = YES_ERROR;
				CLANG_WARN_RANGE_LOOP_ANALYSIS = YES;
				CLANG_WARN_STRICT_PROTOTYPES = YES;
				CLANG_WARN_SUSPICIOUS_MOVE = YES;
				CLANG_WARN_UNGUARDED_AVAILABILITY = YES_AGGRESSIVE;
				CLANG_WARN_UNREACHABLE_CODE = YES;
				CLANG_WARN__DUPLICATE_METHOD_MATCH = YES;
				COPY_PHASE_STRIP = NO;
				DEBUG_INFORMATION_FORMAT = "dwarf-with-dsym";
				ENABLE_NS_ASSERTIONS = NO;
				ENABLE_STRICT_OBJC_MSGSEND = YES;
				GCC_C_LANGUAGE_STANDARD = gnu11;
				GCC_NO_COMMON_BLOCKS = YES;
				GCC_WARN_64_TO_32_BIT_CONVERSION = YES;
				GCC_WARN_ABOUT_RETURN_TYPE = YES_ERROR;
				GCC_WARN_UNDECLARED_SELECTOR = YES;
				GCC_WARN_UNINITIALIZED_AUTOS = YES_AGGRESSIVE;
				GCC_WARN_UNUSED_FUNCTION = YES;
				GCC_WARN_UNUSED_VARIABLE = YES;
				IPHONEOS_DEPLOYMENT_TARGET = 13.6;
				MTL_ENABLE_DEBUG_INFO = NO;
				MTL_FAST_MATH = YES;
				SDKROOT = iphoneos;
				SWIFT_COMPILATION_MODE = wholemodule;
				SWIFT_OPTIMIZATION_LEVEL = "-O";
				VALIDATE_PRODUCT = YES;
			};
			name = Release;
		};
		754814B424E062520036EC28 /* Debug */ = {
			isa = XCBuildConfiguration;
			baseConfigurationReference = 909866F0C2E48A617D19F60F /* Pods-Weather-SwiftUI.debug.xcconfig */;
			buildSettings = {
				ASSETCATALOG_COMPILER_APPICON_NAME = AppIcon;
				CODE_SIGN_STYLE = Automatic;
				DEVELOPMENT_ASSET_PATHS = "\"Weather-SwiftUI/Preview Content\"";
				DEVELOPMENT_TEAM = T443E98JT7;
				ENABLE_PREVIEWS = YES;
				INFOPLIST_FILE = "Weather-SwiftUI/Info.plist";
				LD_RUNPATH_SEARCH_PATHS = (
					"$(inherited)",
					"@executable_path/Frameworks",
				);
				PRODUCT_BUNDLE_IDENTIFIER = "com.paulcarroll.Weather-SwiftUI";
				PRODUCT_NAME = "$(TARGET_NAME)";
				SWIFT_VERSION = 5.0;
				TARGETED_DEVICE_FAMILY = "1,2";
			};
			name = Debug;
		};
		754814B524E062520036EC28 /* Release */ = {
			isa = XCBuildConfiguration;
			baseConfigurationReference = 918C216E0807A02FDDC2EC42 /* Pods-Weather-SwiftUI.release.xcconfig */;
			buildSettings = {
				ASSETCATALOG_COMPILER_APPICON_NAME = AppIcon;
				CODE_SIGN_STYLE = Automatic;
				DEVELOPMENT_ASSET_PATHS = "\"Weather-SwiftUI/Preview Content\"";
				DEVELOPMENT_TEAM = T443E98JT7;
				ENABLE_PREVIEWS = YES;
				INFOPLIST_FILE = "Weather-SwiftUI/Info.plist";
				LD_RUNPATH_SEARCH_PATHS = (
					"$(inherited)",
					"@executable_path/Frameworks",
				);
				PRODUCT_BUNDLE_IDENTIFIER = "com.paulcarroll.Weather-SwiftUI";
				PRODUCT_NAME = "$(TARGET_NAME)";
				SWIFT_VERSION = 5.0;
				TARGETED_DEVICE_FAMILY = "1,2";
			};
			name = Release;
		};
/* End XCBuildConfiguration section */

/* Begin XCConfigurationList section */
		7548149A24E062510036EC28 /* Build configuration list for PBXProject "Weather-SwiftUI" */ = {
			isa = XCConfigurationList;
			buildConfigurations = (
				754814B124E062520036EC28 /* Debug */,
				754814B224E062520036EC28 /* Release */,
			);
			defaultConfigurationIsVisible = 0;
			defaultConfigurationName = Release;
		};
		754814B324E062520036EC28 /* Build configuration list for PBXNativeTarget "Weather-SwiftUI" */ = {
			isa = XCConfigurationList;
			buildConfigurations = (
				754814B424E062520036EC28 /* Debug */,
				754814B524E062520036EC28 /* Release */,
			);
			defaultConfigurationIsVisible = 0;
			defaultConfigurationName = Release;
		};
/* End XCConfigurationList section */
	};
	rootObject = 7548149724E062510036EC28 /* Project object */;
}
